
Microsoft Visual Studio Solution File, Format Version 12.00
# Visual Studio 15
VisualStudioVersion = 15.0.28307.329
MinimumVisualStudioVersion = 10.0.40219.1
Project("{FAE04EC0-301F-11D3-BF4B-00C04F79EFBC}") = "SharpProcEnum", "MemEnum\SharpProcEnum.csproj", "{97A3FEF8-6651-41D6-B95F-71D678241EAE}"
EndProject
Global
	GlobalSection(SolutionConfigurationPlatforms) = preSolution
		Debug|Any CPU = Debug|Any CPU
		Release|Any CPU = Release|Any CPU
	EndGlobalSection
	GlobalSection(ProjectConfigurationPlatforms) = postSolution
		{97A3FEF8-6651-41D6-B95F-71D678241EAE}.Debug|Any CPU.ActiveCfg = Debug|Any CPU
		{97A3FEF8-6651-41D6-B95F-71D678241EAE}.Debug|Any CPU.Build.0 = Debug|Any CPU
		{97A3FEF8-6651-41D6-B95F-71D678241EAE}.Release|Any CPU.ActiveCfg = Release|Any CPU
		{97A3FEF8-6651-41D6-B95F-71D678241EAE}.Release|Any CPU.Build.0 = Release|Any CPU
	EndGlobalSection
	GlobalSection(SolutionProperties) = preSolution
		HideSolutionNode = FALSE
	EndGlobalSection
	GlobalSection(ExtensibilityGlobals) = postSolution
		SolutionGuid = {64806AA7-BD29-428C-926E-E208FC49C7B9}
	EndGlobalSection
EndGlobal
